// !$*UTF8*$!
{
	archiveVersion = 1;
	classes = {
	};
	objectVersion = 50;
	objects = {

/* Begin PBXBuildFile section */
		3F4AB3F9276210760030FFAA /* ApiError.swift in Sources */ = {isa = PBXBuildFile; fileRef = 3F4AB3F8276210760030FFAA /* ApiError.swift */; };
		3F4AB3FB276214280030FFAA /* ImageLoadingView.swift in Sources */ = {isa = PBXBuildFile; fileRef = 3F4AB3FA276214280030FFAA /* ImageLoadingView.swift */; };
		3F4AB3FD27621C7D0030FFAA /* UiScreen.swift in Sources */ = {isa = PBXBuildFile; fileRef = 3F4AB3FC27621C7D0030FFAA /* UiScreen.swift */; };
		3F5C8D5D2760F0B30045642C /* HomeView.swift in Sources */ = {isa = PBXBuildFile; fileRef = 3F5C8D5C2760F0B30045642C /* HomeView.swift */; };
		3F5C8D612760FA600045642C /* AgentsModel.swift in Sources */ = {isa = PBXBuildFile; fileRef = 3F5C8D602760FA600045642C /* AgentsModel.swift */; };
		3F5C8D632760FAD90045642C /* ValAgents.swift in Sources */ = {isa = PBXBuildFile; fileRef = 3F5C8D622760FAD90045642C /* ValAgents.swift */; };
		3F8932BD2760E3BB00435E8A /* Valorant_AgentsApp.swift in Sources */ = {isa = PBXBuildFile; fileRef = 3F8932BC2760E3BB00435E8A /* Valorant_AgentsApp.swift */; };
		3F8932C12760E3BD00435E8A /* Assets.xcassets in Resources */ = {isa = PBXBuildFile; fileRef = 3F8932C02760E3BD00435E8A /* Assets.xcassets */; };
		3F8932C42760E3BD00435E8A /* Preview Assets.xcassets in Resources */ = {isa = PBXBuildFile; fileRef = 3F8932C32760E3BD00435E8A /* Preview Assets.xcassets */; };
		3FD89FD827612C2200A34662 /* Valorant.ttf in Resources */ = {isa = PBXBuildFile; fileRef = 3FD89FD727612C2200A34662 /* Valorant.ttf */; };
		3FD89FDA27612D7E00A34662 /* ImageLoader.swift in Sources */ = {isa = PBXBuildFile; fileRef = 3FD89FD927612D7E00A34662 /* ImageLoader.swift */; };
/* End PBXBuildFile section */

/* Begin PBXFileReference section */
		3F4AB3F8276210760030FFAA /* ApiError.swift */ = {isa = PBXFileReference; lastKnownFileType = sourcecode.swift; path = ApiError.swift; sourceTree = "<group>"; };
		3F4AB3FA276214280030FFAA /* ImageLoadingView.swift */ = {isa = PBXFileReference; lastKnownFileType = sourcecode.swift; path = ImageLoadingView.swift; sourceTree = "<group>"; };
		3F4AB3FC27621C7D0030FFAA /* UiScreen.swift */ = {isa = PBXFileReference; lastKnownFileType = sourcecode.swift; path = UiScreen.swift; sourceTree = "<group>"; };
		3F5C8D5C2760F0B30045642C /* HomeView.swift */ = {isa = PBXFileReference; lastKnownFileType = sourcecode.swift; path = HomeView.swift; sourceTree = "<group>"; };
		3F5C8D602760FA600045642C /* AgentsModel.swift */ = {isa = PBXFileReference; lastKnownFileType = sourcecode.swift; path = AgentsModel.swift; sourceTree = "<group>"; };
		3F5C8D622760FAD90045642C /* ValAgents.swift */ = {isa = PBXFileReference; lastKnownFileType = sourcecode.swift; path = ValAgents.swift; sourceTree = "<group>"; };
		3F8932B92760E3BB00435E8A /* Valorant Agents.app */ = {isa = PBXFileReference; explicitFileType = wrapper.application; includeInIndex = 0; path = "Valorant Agents.app"; sourceTree = BUILT_PRODUCTS_DIR; };
		3F8932BC2760E3BB00435E8A /* Valorant_AgentsApp.swift */ = {isa = PBXFileReference; lastKnownFileType = sourcecode.swift; path = Valorant_AgentsApp.swift; sourceTree = "<group>"; };
		3F8932C02760E3BD00435E8A /* Assets.xcassets */ = {isa = PBXFileReference; lastKnownFileType = folder.assetcatalog; path = Assets.xcassets; sourceTree = "<group>"; };
		3F8932C32760E3BD00435E8A /* Preview Assets.xcassets */ = {isa = PBXFileReference; lastKnownFileType = folder.assetcatalog; path = "Preview Assets.xcassets"; sourceTree = "<group>"; };
		3F8932C52760E3BD00435E8A /* Info.plist */ = {isa = PBXFileReference; lastKnownFileType = text.plist.xml; path = Info.plist; sourceTree = "<group>"; };
		3FD89FD727612C2200A34662 /* Valorant.ttf */ = {isa = PBXFileReference; lastKnownFileType = file; path = Valorant.ttf; sourceTree = "<group>"; };
		3FD89FD927612D7E00A34662 /* ImageLoader.swift */ = {isa = PBXFileReference; lastKnownFileType = sourcecode.swift; path = ImageLoader.swift; sourceTree = "<group>"; };
/* End PBXFileReference section */

/* Begin PBXFrameworksBuildPhase section */
		3F8932B62760E3BB00435E8A /* Frameworks */ = {
			isa = PBXFrameworksBuildPhase;
			buildActionMask = 2147483647;
			files = (
			);
			runOnlyForDeploymentPostprocessing = 0;
		};
/* End PBXFrameworksBuildPhase section */

/* Begin PBXGroup section */
		3F4AB3F527620EF80030FFAA /* Networking */ = {
			isa = PBXGroup;
			children = (
				3FD89FD927612D7E00A34662 /* ImageLoader.swift */,
				3F5C8D622760FAD90045642C /* ValAgents.swift */,
				3F4AB3F8276210760030FFAA /* ApiError.swift */,
			);
			path = Networking;
			sourceTree = "<group>";
		};
		3F4AB3F627620F000030FFAA /* Views */ = {
			isa = PBXGroup;
			children = (
				3F8932BC2760E3BB00435E8A /* Valorant_AgentsApp.swift */,
				3F5C8D5C2760F0B30045642C /* HomeView.swift */,
				3F4AB3FA276214280030FFAA /* ImageLoadingView.swift */,
			);
			path = Views;
			sourceTree = "<group>";
		};
		3F4AB3F727620F180030FFAA /* Models */ = {
			isa = PBXGroup;
			children = (
				3F5C8D602760FA600045642C /* AgentsModel.swift */,
				3F4AB3FC27621C7D0030FFAA /* UiScreen.swift */,
			);
			path = Models;
			sourceTree = "<group>";
		};
		3F5C8D5A2760F01F0045642C /* Fonts */ = {
			isa = PBXGroup;
			children = (
				3FD89FD727612C2200A34662 /* Valorant.ttf */,
			);
			path = Fonts;
			sourceTree = "<group>";
		};
		3F8932B02760E3BB00435E8A = {
			isa = PBXGroup;
			children = (
				3F5C8D5A2760F01F0045642C /* Fonts */,
				3F8932BB2760E3BB00435E8A /* Valorant Agents */,
				3F8932BA2760E3BB00435E8A /* Products */,
			);
			sourceTree = "<group>";
		};
		3F8932BA2760E3BB00435E8A /* Products */ = {
			isa = PBXGroup;
			children = (
				3F8932B92760E3BB00435E8A /* Valorant Agents.app */,
			);
			name = Products;
			sourceTree = "<group>";
		};
		3F8932BB2760E3BB00435E8A /* Valorant Agents */ = {
			isa = PBXGroup;
			children = (
				3F4AB3F727620F180030FFAA /* Models */,
				3F4AB3F627620F000030FFAA /* Views */,
				3F4AB3F527620EF80030FFAA /* Networking */,
				3F8932C02760E3BD00435E8A /* Assets.xcassets */,
				3F8932C52760E3BD00435E8A /* Info.plist */,
				3F8932C22760E3BD00435E8A /* Preview Content */,
			);
			path = "Valorant Agents";
			sourceTree = "<group>";
		};
		3F8932C22760E3BD00435E8A /* Preview Content */ = {
			isa = PBXGroup;
			children = (
				3F8932C32760E3BD00435E8A /* Preview Assets.xcassets */,
			);
			path = "Preview Content";
			sourceTree = "<group>";
		};
/* End PBXGroup section */

/* Begin PBXNativeTarget section */
		3F8932B82760E3BB00435E8A /* Valorant Agents */ = {
			isa = PBXNativeTarget;
			buildConfigurationList = 3F8932C82760E3BD00435E8A /* Build configuration list for PBXNativeTarget "Valorant Agents" */;
			buildPhases = (
				3F8932B52760E3BB00435E8A /* Sources */,
				3F8932B62760E3BB00435E8A /* Frameworks */,
				3F8932B72760E3BB00435E8A /* Resources */,
			);
			buildRules = (
			);
			dependencies = (
			);
			name = "Valorant Agents";
			productName = "Valorant Agents";
			productReference = 3F8932B92760E3BB00435E8A /* Valorant Agents.app */;
			productType = "com.apple.product-type.application";
		};
/* End PBXNativeTarget section */

/* Begin PBXProject section */
		3F8932B12760E3BB00435E8A /* Project object */ = {
			isa = PBXProject;
			attributes = {
				LastSwiftUpdateCheck = 1250;
				LastUpgradeCheck = 1250;
				TargetAttributes = {
					3F8932B82760E3BB00435E8A = {
						CreatedOnToolsVersion = 12.5;
					};
				};
			};
			buildConfigurationList = 3F8932B42760E3BB00435E8A /* Build configuration list for PBXProject "Valorant Agents" */;
			compatibilityVersion = "Xcode 9.3";
			developmentRegion = en;
			hasScannedForEncodings = 0;
			knownRegions = (
				en,
				Base,
			);
			mainGroup = 3F8932B02760E3BB00435E8A;
			productRefGroup = 3F8932BA2760E3BB00435E8A /* Products */;
			projectDirPath = "";
			projectRoot = "";
			targets = (
				3F8932B82760E3BB00435E8A /* Valorant Agents */,
			);
		};
/* End PBXProject section */

/* Begin PBXResourcesBuildPhase section */
		3F8932B72760E3BB00435E8A /* Resources */ = {
			isa = PBXResourcesBuildPhase;
			buildActionMask = 2147483647;
			files = (
				3F8932C42760E3BD00435E8A /* Preview Assets.xcassets in Resources */,
				3F8932C12760E3BD00435E8A /* Assets.xcassets in Resources */,
				3FD89FD827612C2200A34662 /* Valorant.ttf in Resources */,
			);
			runOnlyForDeploymentPostprocessing = 0;
		};
/* End PBXResourcesBuildPhase section */

/* Begin PBXSourcesBuildPhase section */
		3F8932B52760E3BB00435E8A /* Sources */ = {
			isa = PBXSourcesBuildPhase;
			buildActionMask = 2147483647;
			files = (
				3F5C8D5D2760F0B30045642C /* HomeView.swift in Sources */,
				3F8932BD2760E3BB00435E8A /* Valorant_AgentsApp.swift in Sources */,
				3FD89FDA27612D7E00A34662 /* ImageLoader.swift in Sources */,
				3F5C8D632760FAD90045642C /* ValAgents.swift in Sources */,
				3F5C8D612760FA600045642C /* AgentsModel.swift in Sources */,
				3F4AB3FB276214280030FFAA /* ImageLoadingView.swift in Sources */,
				3F4AB3F9276210760030FFAA /* ApiError.swift in Sources */,
				3F4AB3FD27621C7D0030FFAA /* UiScreen.swift in Sources */,
			);
			runOnlyForDeploymentPostprocessing = 0;
		};
/* End PBXSourcesBuildPhase section */

/* Begin XCBuildConfiguration section */
		3F8932C62760E3BD00435E8A /* Debug */ = {
			isa = XCBuildConfiguration;
			buildSettings = {
				ALWAYS_SEARCH_USER_PATHS = NO;
				CLANG_ANALYZER_NONNULL = YES;
				CLANG_ANALYZER_NUMBER_OBJECT_CONVERSION = YES_AGGRESSIVE;
				CLANG_CXX_LANGUAGE_STANDARD = "gnu++14";
				CLANG_CXX_LIBRARY = "libc++";
				CLANG_ENABLE_MODULES = YES;
				CLANG_ENABLE_OBJC_ARC = YES;
				CLANG_ENABLE_OBJC_WEAK = YES;
				CLANG_WARN_BLOCK_CAPTURE_AUTORELEASING = YES;
				CLANG_WARN_BOOL_CONVERSION = YES;
				CLANG_WARN_COMMA = YES;
				CLANG_WARN_CONSTANT_CONVERSION = YES;
				CLANG_WARN_DEPRECATED_OBJC_IMPLEMENTATIONS = YES;
				CLANG_WARN_DIRECT_OBJC_ISA_USAGE = YES_ERROR;
				CLANG_WARN_DOCUMENTATION_COMMENTS = YES;
				CLANG_WARN_EMPTY_BODY = YES;
				CLANG_WARN_ENUM_CONVERSION = YES;
				CLANG_WARN_INFINITE_RECURSION = YES;
				CLANG_WARN_INT_CONVERSION = YES;
				CLANG_WARN_NON_LITERAL_NULL_CONVERSION = YES;
				CLANG_WARN_OBJC_IMPLICIT_RETAIN_SELF = YES;
				CLANG_WARN_OBJC_LITERAL_CONVERSION = YES;
				CLANG_WARN_OBJC_ROOT_CLASS = YES_ERROR;
				CLANG_WARN_QUOTED_INCLUDE_IN_FRAMEWORK_HEADER = YES;
				CLANG_WARN_RANGE_LOOP_ANALYSIS = YES;
				CLANG_WARN_STRICT_PROTOTYPES = YES;
				CLANG_WARN_SUSPICIOUS_MOVE = YES;
				CLANG_WARN_UNGUARDED_AVAILABILITY = YES_AGGRESSIVE;
				CLANG_WARN_UNREACHABLE_CODE = YES;
				CLANG_WARN__DUPLICATE_METHOD_MATCH = YES;
				COPY_PHASE_STRIP = NO;
				DEBUG_INFORMATION_FORMAT = dwarf;
				ENABLE_STRICT_OBJC_MSGSEND = YES;
				ENABLE_TESTABILITY = YES;
				GCC_C_LANGUAGE_STANDARD = gnu11;
				GCC_DYNAMIC_NO_PIC = NO;
				GCC_NO_COMMON_BLOCKS = YES;
				GCC_OPTIMIZATION_LEVEL = 0;
				GCC_PREPROCESSOR_DEFINITIONS = (
					"DEBUG=1",
					"$(inherited)",
				);
				GCC_WARN_64_TO_32_BIT_CONVERSION = YES;
				GCC_WARN_ABOUT_RETURN_TYPE = YES_ERROR;
				GCC_WARN_UNDECLARED_SELECTOR = YES;
				GCC_WARN_UNINITIALIZED_AUTOS = YES_AGGRESSIVE;
				GCC_WARN_UNUSED_FUNCTION = YES;
				GCC_WARN_UNUSED_VARIABLE = YES;
				IPHONEOS_DEPLOYMENT_TARGET = 14.5;
				MTL_ENABLE_DEBUG_INFO = INCLUDE_SOURCE;
				MTL_FAST_MATH = YES;
				ONLY_ACTIVE_ARCH = YES;
				SDKROOT = iphoneos;
				SWIFT_ACTIVE_COMPILATION_CONDITIONS = DEBUG;
				SWIFT_OPTIMIZATION_LEVEL = "-Onone";
			};
			name = Debug;
		};
		3F8932C72760E3BD00435E8A /* Release */ = {
			isa = XCBuildConfiguration;
			buildSettings = {
				ALWAYS_SEARCH_USER_PATHS = NO;
				CLANG_ANALYZER_NONNULL = YES;
				CLANG_ANALYZER_NUMBER_OBJECT_CONVERSION = YES_AGGRESSIVE;
				CLANG_CXX_LANGUAGE_STANDARD = "gnu++14";
				CLANG_CXX_LIBRARY = "libc++";
				CLANG_ENABLE_MODULES = YES;
				CLANG_ENABLE_OBJC_ARC = YES;
				CLANG_ENABLE_OBJC_WEAK = YES;
				CLANG_WARN_BLOCK_CAPTURE_AUTORELEASING = YES;
				CLANG_WARN_BOOL_CONVERSION = YES;
				CLANG_WARN_COMMA = YES;
				CLANG_WARN_CONSTANT_CONVERSION = YES;
				CLANG_WARN_DEPRECATED_OBJC_IMPLEMENTATIONS = YES;
				CLANG_WARN_DIRECT_OBJC_ISA_USAGE = YES_ERROR;
				CLANG_WARN_DOCUMENTATION_COMMENTS = YES;
				CLANG_WARN_EMPTY_BODY = YES;
				CLANG_WARN_ENUM_CONVERSION = YES;
				CLANG_WARN_INFINITE_RECURSION = YES;
				CLANG_WARN_INT_CONVERSION = YES;
				CLANG_WARN_NON_LITERAL_NULL_CONVERSION = YES;
				CLANG_WARN_OBJC_IMPLICIT_RETAIN_SELF = YES;
				CLANG_WARN_OBJC_LITERAL_CONVERSION = YES;
				CLANG_WARN_OBJC_ROOT_CLASS = YES_ERROR;
				CLANG_WARN_QUOTED_INCLUDE_IN_FRAMEWORK_HEADER = YES;
				CLANG_WARN_RANGE_LOOP_ANALYSIS = YES;
				CLANG_WARN_STRICT_PROTOTYPES = YES;
				CLANG_WARN_SUSPICIOUS_MOVE = YES;
				CLANG_WARN_UNGUARDED_AVAILABILITY = YES_AGGRESSIVE;
				CLANG_WARN_UNREACHABLE_CODE = YES;
				CLANG_WARN__DUPLICATE_METHOD_MATCH = YES;
				COPY_PHASE_STRIP = NO;
				DEBUG_INFORMATION_FORMAT = "dwarf-with-dsym";
				ENABLE_NS_ASSERTIONS = NO;
				ENABLE_STRICT_OBJC_MSGSEND = YES;
				GCC_C_LANGUAGE_STANDARD = gnu11;
				GCC_NO_COMMON_BLOCKS = YES;
				GCC_WARN_64_TO_32_BIT_CONVERSION = YES;
				GCC_WARN_ABOUT_RETURN_TYPE = YES_ERROR;
				GCC_WARN_UNDECLARED_SELECTOR = YES;
				GCC_WARN_UNINITIALIZED_AUTOS = YES_AGGRESSIVE;
				GCC_WARN_UNUSED_FUNCTION = YES;
				GCC_WARN_UNUSED_VARIABLE = YES;
				IPHONEOS_DEPLOYMENT_TARGET = 14.5;
				MTL_ENABLE_DEBUG_INFO = NO;
				MTL_FAST_MATH = YES;
				SDKROOT = iphoneos;
				SWIFT_COMPILATION_MODE = wholemodule;
				SWIFT_OPTIMIZATION_LEVEL = "-O";
				VALIDATE_PRODUCT = YES;
			};
			name = Release;
		};
		3F8932C92760E3BD00435E8A /* Debug */ = {
			isa = XCBuildConfiguration;
			buildSettings = {
				ASSETCATALOG_COMPILER_APPICON_NAME = AppIcon;
				ASSETCATALOG_COMPILER_GLOBAL_ACCENT_COLOR_NAME = AccentColor;
				CODE_SIGN_STYLE = Automatic;
				DEVELOPMENT_ASSET_PATHS = "\"Valorant Agents/Preview Content\"";
				DEVELOPMENT_TEAM = BN7XCYHM3S;
				ENABLE_PREVIEWS = YES;
				INFOPLIST_FILE = "Valorant Agents/Info.plist";
				IPHONEOS_DEPLOYMENT_TARGET = 15.0;
				LD_RUNPATH_SEARCH_PATHS = (
					"$(inherited)",
					"@executable_path/Frameworks",
				);
				PRODUCT_BUNDLE_IDENTIFIER = "com.mouadz.Valorant-Agents";
				PRODUCT_NAME = "$(TARGET_NAME)";
				SWIFT_VERSION = 5.0;
				TARGETED_DEVICE_FAMILY = "1,2";
			};
			name = Debug;
		};
		3F8932CA2760E3BD00435E8A /* Release */ = {
			isa = XCBuildConfiguration;
			buildSettings = {
				ASSETCATALOG_COMPILER_APPICON_NAME = AppIcon;
				ASSETCATALOG_COMPILER_GLOBAL_ACCENT_COLOR_NAME = AccentColor;
				CODE_SIGN_STYLE = Automatic;
				DEVELOPMENT_ASSET_PATHS = "\"Valorant Agents/Preview Content\"";
				DEVELOPMENT_TEAM = BN7XCYHM3S;
				ENABLE_PREVIEWS = YES;
				INFOPLIST_FILE = "Valorant Agents/Info.plist";
				IPHONEOS_DEPLOYMENT_TARGET = 15.0;
				LD_RUNPATH_SEARCH_PATHS = (
					"$(inherited)",
					"@executable_path/Frameworks",
				);
				PRODUCT_BUNDLE_IDENTIFIER = "com.mouadz.Valorant-Agents";
				PRODUCT_NAME = "$(TARGET_NAME)";
				SWIFT_VERSION = 5.0;
				TARGETED_DEVICE_FAMILY = "1,2";
			};
			name = Release;
		};
/* End XCBuildConfiguration section */

/* Begin XCConfigurationList section */
		3F8932B42760E3BB00435E8A /* Build configuration list for PBXProject "Valorant Agents" */ = {
			isa = XCConfigurationList;
			buildConfigurations = (
				3F8932C62760E3BD00435E8A /* Debug */,
				3F8932C72760E3BD00435E8A /* Release */,
			);
			defaultConfigurationIsVisible = 0;
			defaultConfigurationName = Release;
		};
		3F8932C82760E3BD00435E8A /* Build configuration list for PBXNativeTarget "Valorant Agents" */ = {
			isa = XCConfigurationList;
			buildConfigurations = (
				3F8932C92760E3BD00435E8A /* Debug */,
				3F8932CA2760E3BD00435E8A /* Release */,
			);
			defaultConfigurationIsVisible = 0;
			defaultConfigurationName = Release;
		};
/* End XCConfigurationList section */
	};
	rootObject = 3F8932B12760E3BB00435E8A /* Project object */;
}
