// !$*UTF8*$!
{
	archiveVersion = 1;
	classes = {
	};
	objectVersion = 50;
	objects = {

/* Begin PBXBuildFile section */
		3F3133F02764BBB6001C142D /* HomeView.swift in Sources */ = {isa = PBXBuildFile; fileRef = 3F3133EF2764BBB6001C142D /* HomeView.swift */; };
		3F3133F22764BBD7001C142D /* MapsView.swift in Sources */ = {isa = PBXBuildFile; fileRef = 3F3133F12764BBD7001C142D /* MapsView.swift */; };
		3F3133F42764BBE2001C142D /* ArsenalView.swift in Sources */ = {isa = PBXBuildFile; fileRef = 3F3133F32764BBE2001C142D /* ArsenalView.swift */; };
		3F3133F62764BBFE001C142D /* ImageLoadingView.swift in Sources */ = {isa = PBXBuildFile; fileRef = 3F3133F52764BBFE001C142D /* ImageLoadingView.swift */; };
		3F3133F82764BC16001C142D /* CustomTabView.swift in Sources */ = {isa = PBXBuildFile; fileRef = 3F3133F72764BC16001C142D /* CustomTabView.swift */; };
		3F3133FA2764BC2E001C142D /* AgentsView.swift in Sources */ = {isa = PBXBuildFile; fileRef = 3F3133F92764BC2E001C142D /* AgentsView.swift */; };
		3F3133FD2764BC55001C142D /* ImageLoader.swift in Sources */ = {isa = PBXBuildFile; fileRef = 3F3133FC2764BC55001C142D /* ImageLoader.swift */; };
		3F3133FF2764BC60001C142D /* ApiError.swift in Sources */ = {isa = PBXBuildFile; fileRef = 3F3133FE2764BC60001C142D /* ApiError.swift */; };
		3F3134012764BC6D001C142D /* ValAgents.swift in Sources */ = {isa = PBXBuildFile; fileRef = 3F3134002764BC6D001C142D /* ValAgents.swift */; };
		3F3134042764BC98001C142D /* AgentPosters.swift in Sources */ = {isa = PBXBuildFile; fileRef = 3F3134032764BC98001C142D /* AgentPosters.swift */; };
		3F3134062764BCAE001C142D /* AgentsModel.swift in Sources */ = {isa = PBXBuildFile; fileRef = 3F3134052764BCAE001C142D /* AgentsModel.swift */; };
		3F3134082764BCC1001C142D /* ColorHex.swift in Sources */ = {isa = PBXBuildFile; fileRef = 3F3134072764BCC1001C142D /* ColorHex.swift */; };
		3F31340A2764BCD5001C142D /* UIScreen.swift in Sources */ = {isa = PBXBuildFile; fileRef = 3F3134092764BCD5001C142D /* UIScreen.swift */; };
		3F31340D2764BCF6001C142D /* Valorant.ttf in Resources */ = {isa = PBXBuildFile; fileRef = 3F31340C2764BCF6001C142D /* Valorant.ttf */; };
		3F31340F2764BD07001C142D /* Valorant_AgentsApp.swift in Sources */ = {isa = PBXBuildFile; fileRef = 3F31340E2764BD07001C142D /* Valorant_AgentsApp.swift */; };
		3F5AA8BE2764B8E800F2C7F3 /* Assets.xcassets in Resources */ = {isa = PBXBuildFile; fileRef = 3F5AA8BD2764B8E800F2C7F3 /* Assets.xcassets */; };
		3F5AA8C12764B8E800F2C7F3 /* Preview Assets.xcassets in Resources */ = {isa = PBXBuildFile; fileRef = 3F5AA8C02764B8E800F2C7F3 /* Preview Assets.xcassets */; };
/* End PBXBuildFile section */

/* Begin PBXFileReference section */
		3F3133EF2764BBB6001C142D /* HomeView.swift */ = {isa = PBXFileReference; lastKnownFileType = sourcecode.swift; path = HomeView.swift; sourceTree = "<group>"; };
		3F3133F12764BBD7001C142D /* MapsView.swift */ = {isa = PBXFileReference; lastKnownFileType = sourcecode.swift; path = MapsView.swift; sourceTree = "<group>"; };
		3F3133F32764BBE2001C142D /* ArsenalView.swift */ = {isa = PBXFileReference; lastKnownFileType = sourcecode.swift; path = ArsenalView.swift; sourceTree = "<group>"; };
		3F3133F52764BBFE001C142D /* ImageLoadingView.swift */ = {isa = PBXFileReference; lastKnownFileType = sourcecode.swift; path = ImageLoadingView.swift; sourceTree = "<group>"; };
		3F3133F72764BC16001C142D /* CustomTabView.swift */ = {isa = PBXFileReference; lastKnownFileType = sourcecode.swift; path = CustomTabView.swift; sourceTree = "<group>"; };
		3F3133F92764BC2E001C142D /* AgentsView.swift */ = {isa = PBXFileReference; lastKnownFileType = sourcecode.swift; path = AgentsView.swift; sourceTree = "<group>"; };
		3F3133FC2764BC55001C142D /* ImageLoader.swift */ = {isa = PBXFileReference; lastKnownFileType = sourcecode.swift; path = ImageLoader.swift; sourceTree = "<group>"; };
		3F3133FE2764BC60001C142D /* ApiError.swift */ = {isa = PBXFileReference; lastKnownFileType = sourcecode.swift; path = ApiError.swift; sourceTree = "<group>"; };
		3F3134002764BC6D001C142D /* ValAgents.swift */ = {isa = PBXFileReference; lastKnownFileType = sourcecode.swift; path = ValAgents.swift; sourceTree = "<group>"; };
		3F3134032764BC98001C142D /* AgentPosters.swift */ = {isa = PBXFileReference; lastKnownFileType = sourcecode.swift; path = AgentPosters.swift; sourceTree = "<group>"; };
		3F3134052764BCAE001C142D /* AgentsModel.swift */ = {isa = PBXFileReference; lastKnownFileType = sourcecode.swift; path = AgentsModel.swift; sourceTree = "<group>"; };
		3F3134072764BCC1001C142D /* ColorHex.swift */ = {isa = PBXFileReference; lastKnownFileType = sourcecode.swift; path = ColorHex.swift; sourceTree = "<group>"; };
		3F3134092764BCD5001C142D /* UIScreen.swift */ = {isa = PBXFileReference; lastKnownFileType = sourcecode.swift; path = UIScreen.swift; sourceTree = "<group>"; };
		3F31340C2764BCF6001C142D /* Valorant.ttf */ = {isa = PBXFileReference; lastKnownFileType = file; path = Valorant.ttf; sourceTree = "<group>"; };
		3F31340E2764BD07001C142D /* Valorant_AgentsApp.swift */ = {isa = PBXFileReference; lastKnownFileType = sourcecode.swift; path = Valorant_AgentsApp.swift; sourceTree = "<group>"; };
		3F5AA8B62764B8E700F2C7F3 /* Valorant Agents.app */ = {isa = PBXFileReference; explicitFileType = wrapper.application; includeInIndex = 0; path = "Valorant Agents.app"; sourceTree = BUILT_PRODUCTS_DIR; };
		3F5AA8BD2764B8E800F2C7F3 /* Assets.xcassets */ = {isa = PBXFileReference; lastKnownFileType = folder.assetcatalog; path = Assets.xcassets; sourceTree = "<group>"; };
		3F5AA8C02764B8E800F2C7F3 /* Preview Assets.xcassets */ = {isa = PBXFileReference; lastKnownFileType = folder.assetcatalog; path = "Preview Assets.xcassets"; sourceTree = "<group>"; };
		3F5AA8C22764B8E800F2C7F3 /* Info.plist */ = {isa = PBXFileReference; lastKnownFileType = text.plist.xml; path = Info.plist; sourceTree = "<group>"; };
/* End PBXFileReference section */

/* Begin PBXFrameworksBuildPhase section */
		3F5AA8B32764B8E700F2C7F3 /* Frameworks */ = {
			isa = PBXFrameworksBuildPhase;
			buildActionMask = 2147483647;
			files = (
			);
			runOnlyForDeploymentPostprocessing = 0;
		};
/* End PBXFrameworksBuildPhase section */

/* Begin PBXGroup section */
		3F3133EE2764BB99001C142D /* Views */ = {
			isa = PBXGroup;
			children = (
				3F31340E2764BD07001C142D /* Valorant_AgentsApp.swift */,
				3F3133EF2764BBB6001C142D /* HomeView.swift */,
				3F3133F12764BBD7001C142D /* MapsView.swift */,
				3F3133F32764BBE2001C142D /* ArsenalView.swift */,
				3F3133F52764BBFE001C142D /* ImageLoadingView.swift */,
				3F3133F72764BC16001C142D /* CustomTabView.swift */,
				3F3133F92764BC2E001C142D /* AgentsView.swift */,
			);
			path = Views;
			sourceTree = "<group>";
		};
		3F3133FB2764BC3F001C142D /* Networking */ = {
			isa = PBXGroup;
			children = (
				3F3133FC2764BC55001C142D /* ImageLoader.swift */,
				3F3133FE2764BC60001C142D /* ApiError.swift */,
				3F3134002764BC6D001C142D /* ValAgents.swift */,
			);
			path = Networking;
			sourceTree = "<group>";
		};
		3F3134022764BC8B001C142D /* Models */ = {
			isa = PBXGroup;
			children = (
				3F3134032764BC98001C142D /* AgentPosters.swift */,
				3F3134052764BCAE001C142D /* AgentsModel.swift */,
				3F3134072764BCC1001C142D /* ColorHex.swift */,
				3F3134092764BCD5001C142D /* UIScreen.swift */,
			);
			path = Models;
			sourceTree = "<group>";
		};
		3F31340B2764BCE2001C142D /* Fonts */ = {
			isa = PBXGroup;
			children = (
				3F31340C2764BCF6001C142D /* Valorant.ttf */,
			);
			path = Fonts;
			sourceTree = "<group>";
		};
		3F5AA8AD2764B8E700F2C7F3 = {
			isa = PBXGroup;
			children = (
				3F5AA8B82764B8E700F2C7F3 /* Valorant Agents */,
				3F5AA8B72764B8E700F2C7F3 /* Products */,
			);
			sourceTree = "<group>";
		};
		3F5AA8B72764B8E700F2C7F3 /* Products */ = {
			isa = PBXGroup;
			children = (
				3F5AA8B62764B8E700F2C7F3 /* Valorant Agents.app */,
			);
			name = Products;
			sourceTree = "<group>";
		};
		3F5AA8B82764B8E700F2C7F3 /* Valorant Agents */ = {
			isa = PBXGroup;
			children = (
				3F31340B2764BCE2001C142D /* Fonts */,
				3F3134022764BC8B001C142D /* Models */,
				3F3133FB2764BC3F001C142D /* Networking */,
				3F3133EE2764BB99001C142D /* Views */,
				3F5AA8BD2764B8E800F2C7F3 /* Assets.xcassets */,
				3F5AA8C22764B8E800F2C7F3 /* Info.plist */,
				3F5AA8BF2764B8E800F2C7F3 /* Preview Content */,
			);
			path = "Valorant Agents";
			sourceTree = "<group>";
		};
		3F5AA8BF2764B8E800F2C7F3 /* Preview Content */ = {
			isa = PBXGroup;
			children = (
				3F5AA8C02764B8E800F2C7F3 /* Preview Assets.xcassets */,
			);
			path = "Preview Content";
			sourceTree = "<group>";
		};
/* End PBXGroup section */

/* Begin PBXNativeTarget section */
		3F5AA8B52764B8E700F2C7F3 /* Valorant Agents */ = {
			isa = PBXNativeTarget;
			buildConfigurationList = 3F5AA8C52764B8E800F2C7F3 /* Build configuration list for PBXNativeTarget "Valorant Agents" */;
			buildPhases = (
				3F5AA8B22764B8E700F2C7F3 /* Sources */,
				3F5AA8B32764B8E700F2C7F3 /* Frameworks */,
				3F5AA8B42764B8E700F2C7F3 /* Resources */,
			);
			buildRules = (
			);
			dependencies = (
			);
			name = "Valorant Agents";
			productName = "Valorant Agents";
			productReference = 3F5AA8B62764B8E700F2C7F3 /* Valorant Agents.app */;
			productType = "com.apple.product-type.application";
		};
/* End PBXNativeTarget section */

/* Begin PBXProject section */
		3F5AA8AE2764B8E700F2C7F3 /* Project object */ = {
			isa = PBXProject;
			attributes = {
				LastSwiftUpdateCheck = 1250;
				LastUpgradeCheck = 1250;
				TargetAttributes = {
					3F5AA8B52764B8E700F2C7F3 = {
						CreatedOnToolsVersion = 12.5;
					};
				};
			};
			buildConfigurationList = 3F5AA8B12764B8E700F2C7F3 /* Build configuration list for PBXProject "Valorant Agents" */;
			compatibilityVersion = "Xcode 9.3";
			developmentRegion = en;
			hasScannedForEncodings = 0;
			knownRegions = (
				en,
				Base,
			);
			mainGroup = 3F5AA8AD2764B8E700F2C7F3;
			productRefGroup = 3F5AA8B72764B8E700F2C7F3 /* Products */;
			projectDirPath = "";
			projectRoot = "";
			targets = (
				3F5AA8B52764B8E700F2C7F3 /* Valorant Agents */,
			);
		};
/* End PBXProject section */

/* Begin PBXResourcesBuildPhase section */
		3F5AA8B42764B8E700F2C7F3 /* Resources */ = {
			isa = PBXResourcesBuildPhase;
			buildActionMask = 2147483647;
			files = (
				3F5AA8C12764B8E800F2C7F3 /* Preview Assets.xcassets in Resources */,
				3F5AA8BE2764B8E800F2C7F3 /* Assets.xcassets in Resources */,
				3F31340D2764BCF6001C142D /* Valorant.ttf in Resources */,
			);
			runOnlyForDeploymentPostprocessing = 0;
		};
/* End PBXResourcesBuildPhase section */

/* Begin PBXSourcesBuildPhase section */
		3F5AA8B22764B8E700F2C7F3 /* Sources */ = {
			isa = PBXSourcesBuildPhase;
			buildActionMask = 2147483647;
			files = (
				3F3133F22764BBD7001C142D /* MapsView.swift in Sources */,
				3F3133F42764BBE2001C142D /* ArsenalView.swift in Sources */,
				3F3133FA2764BC2E001C142D /* AgentsView.swift in Sources */,
				3F3133F82764BC16001C142D /* CustomTabView.swift in Sources */,
				3F31340A2764BCD5001C142D /* UIScreen.swift in Sources */,
				3F3133FF2764BC60001C142D /* ApiError.swift in Sources */,
				3F3133F02764BBB6001C142D /* HomeView.swift in Sources */,
				3F3133FD2764BC55001C142D /* ImageLoader.swift in Sources */,
				3F3133F62764BBFE001C142D /* ImageLoadingView.swift in Sources */,
				3F3134082764BCC1001C142D /* ColorHex.swift in Sources */,
				3F31340F2764BD07001C142D /* Valorant_AgentsApp.swift in Sources */,
				3F3134042764BC98001C142D /* AgentPosters.swift in Sources */,
				3F3134012764BC6D001C142D /* ValAgents.swift in Sources */,
				3F3134062764BCAE001C142D /* AgentsModel.swift in Sources */,
			);
			runOnlyForDeploymentPostprocessing = 0;
		};
/* End PBXSourcesBuildPhase section */

/* Begin XCBuildConfiguration section */
		3F5AA8C32764B8E800F2C7F3 /* Debug */ = {
			isa = XCBuildConfiguration;
			buildSettings = {
				ALWAYS_SEARCH_USER_PATHS = NO;
				CLANG_ANALYZER_NONNULL = YES;
				CLANG_ANALYZER_NUMBER_OBJECT_CONVERSION = YES_AGGRESSIVE;
				CLANG_CXX_LANGUAGE_STANDARD = "gnu++14";
				CLANG_CXX_LIBRARY = "libc++";
				CLANG_ENABLE_MODULES = YES;
				CLANG_ENABLE_OBJC_ARC = YES;
				CLANG_ENABLE_OBJC_WEAK = YES;
				CLANG_WARN_BLOCK_CAPTURE_AUTORELEASING = YES;
				CLANG_WARN_BOOL_CONVERSION = YES;
				CLANG_WARN_COMMA = YES;
				CLANG_WARN_CONSTANT_CONVERSION = YES;
				CLANG_WARN_DEPRECATED_OBJC_IMPLEMENTATIONS = YES;
				CLANG_WARN_DIRECT_OBJC_ISA_USAGE = YES_ERROR;
				CLANG_WARN_DOCUMENTATION_COMMENTS = YES;
				CLANG_WARN_EMPTY_BODY = YES;
				CLANG_WARN_ENUM_CONVERSION = YES;
				CLANG_WARN_INFINITE_RECURSION = YES;
				CLANG_WARN_INT_CONVERSION = YES;
				CLANG_WARN_NON_LITERAL_NULL_CONVERSION = YES;
				CLANG_WARN_OBJC_IMPLICIT_RETAIN_SELF = YES;
				CLANG_WARN_OBJC_LITERAL_CONVERSION = YES;
				CLANG_WARN_OBJC_ROOT_CLASS = YES_ERROR;
				CLANG_WARN_QUOTED_INCLUDE_IN_FRAMEWORK_HEADER = YES;
				CLANG_WARN_RANGE_LOOP_ANALYSIS = YES;
				CLANG_WARN_STRICT_PROTOTYPES = YES;
				CLANG_WARN_SUSPICIOUS_MOVE = YES;
				CLANG_WARN_UNGUARDED_AVAILABILITY = YES_AGGRESSIVE;
				CLANG_WARN_UNREACHABLE_CODE = YES;
				CLANG_WARN__DUPLICATE_METHOD_MATCH = YES;
				COPY_PHASE_STRIP = NO;
				DEBUG_INFORMATION_FORMAT = dwarf;
				ENABLE_STRICT_OBJC_MSGSEND = YES;
				ENABLE_TESTABILITY = YES;
				GCC_C_LANGUAGE_STANDARD = gnu11;
				GCC_DYNAMIC_NO_PIC = NO;
				GCC_NO_COMMON_BLOCKS = YES;
				GCC_OPTIMIZATION_LEVEL = 0;
				GCC_PREPROCESSOR_DEFINITIONS = (
					"DEBUG=1",
					"$(inherited)",
				);
				GCC_WARN_64_TO_32_BIT_CONVERSION = YES;
				GCC_WARN_ABOUT_RETURN_TYPE = YES_ERROR;
				GCC_WARN_UNDECLARED_SELECTOR = YES;
				GCC_WARN_UNINITIALIZED_AUTOS = YES_AGGRESSIVE;
				GCC_WARN_UNUSED_FUNCTION = YES;
				GCC_WARN_UNUSED_VARIABLE = YES;
				IPHONEOS_DEPLOYMENT_TARGET = 14.5;
				MTL_ENABLE_DEBUG_INFO = INCLUDE_SOURCE;
				MTL_FAST_MATH = YES;
				ONLY_ACTIVE_ARCH = YES;
				SDKROOT = iphoneos;
				SWIFT_ACTIVE_COMPILATION_CONDITIONS = DEBUG;
				SWIFT_OPTIMIZATION_LEVEL = "-Onone";
			};
			name = Debug;
		};
		3F5AA8C42764B8E800F2C7F3 /* Release */ = {
			isa = XCBuildConfiguration;
			buildSettings = {
				ALWAYS_SEARCH_USER_PATHS = NO;
				CLANG_ANALYZER_NONNULL = YES;
				CLANG_ANALYZER_NUMBER_OBJECT_CONVERSION = YES_AGGRESSIVE;
				CLANG_CXX_LANGUAGE_STANDARD = "gnu++14";
				CLANG_CXX_LIBRARY = "libc++";
				CLANG_ENABLE_MODULES = YES;
				CLANG_ENABLE_OBJC_ARC = YES;
				CLANG_ENABLE_OBJC_WEAK = YES;
				CLANG_WARN_BLOCK_CAPTURE_AUTORELEASING = YES;
				CLANG_WARN_BOOL_CONVERSION = YES;
				CLANG_WARN_COMMA = YES;
				CLANG_WARN_CONSTANT_CONVERSION = YES;
				CLANG_WARN_DEPRECATED_OBJC_IMPLEMENTATIONS = YES;
				CLANG_WARN_DIRECT_OBJC_ISA_USAGE = YES_ERROR;
				CLANG_WARN_DOCUMENTATION_COMMENTS = YES;
				CLANG_WARN_EMPTY_BODY = YES;
				CLANG_WARN_ENUM_CONVERSION = YES;
				CLANG_WARN_INFINITE_RECURSION = YES;
				CLANG_WARN_INT_CONVERSION = YES;
				CLANG_WARN_NON_LITERAL_NULL_CONVERSION = YES;
				CLANG_WARN_OBJC_IMPLICIT_RETAIN_SELF = YES;
				CLANG_WARN_OBJC_LITERAL_CONVERSION = YES;
				CLANG_WARN_OBJC_ROOT_CLASS = YES_ERROR;
				CLANG_WARN_QUOTED_INCLUDE_IN_FRAMEWORK_HEADER = YES;
				CLANG_WARN_RANGE_LOOP_ANALYSIS = YES;
				CLANG_WARN_STRICT_PROTOTYPES = YES;
				CLANG_WARN_SUSPICIOUS_MOVE = YES;
				CLANG_WARN_UNGUARDED_AVAILABILITY = YES_AGGRESSIVE;
				CLANG_WARN_UNREACHABLE_CODE = YES;
				CLANG_WARN__DUPLICATE_METHOD_MATCH = YES;
				COPY_PHASE_STRIP = NO;
				DEBUG_INFORMATION_FORMAT = "dwarf-with-dsym";
				ENABLE_NS_ASSERTIONS = NO;
				ENABLE_STRICT_OBJC_MSGSEND = YES;
				GCC_C_LANGUAGE_STANDARD = gnu11;
				GCC_NO_COMMON_BLOCKS = YES;
				GCC_WARN_64_TO_32_BIT_CONVERSION = YES;
				GCC_WARN_ABOUT_RETURN_TYPE = YES_ERROR;
				GCC_WARN_UNDECLARED_SELECTOR = YES;
				GCC_WARN_UNINITIALIZED_AUTOS = YES_AGGRESSIVE;
				GCC_WARN_UNUSED_FUNCTION = YES;
				GCC_WARN_UNUSED_VARIABLE = YES;
				IPHONEOS_DEPLOYMENT_TARGET = 14.5;
				MTL_ENABLE_DEBUG_INFO = NO;
				MTL_FAST_MATH = YES;
				SDKROOT = iphoneos;
				SWIFT_COMPILATION_MODE = wholemodule;
				SWIFT_OPTIMIZATION_LEVEL = "-O";
				VALIDATE_PRODUCT = YES;
			};
			name = Release;
		};
		3F5AA8C62764B8E800F2C7F3 /* Debug */ = {
			isa = XCBuildConfiguration;
			buildSettings = {
				ASSETCATALOG_COMPILER_APPICON_NAME = AppIcon;
				ASSETCATALOG_COMPILER_GLOBAL_ACCENT_COLOR_NAME = AccentColor;
				CODE_SIGN_STYLE = Automatic;
				DEVELOPMENT_ASSET_PATHS = "\"Valorant Agents/Preview Content\"";
				DEVELOPMENT_TEAM = BN7XCYHM3S;
				ENABLE_PREVIEWS = YES;
				INFOPLIST_FILE = "Valorant Agents/Info.plist";
				IPHONEOS_DEPLOYMENT_TARGET = 14.0;
				LD_RUNPATH_SEARCH_PATHS = (
					"$(inherited)",
					"@executable_path/Frameworks",
				);
				PRODUCT_BUNDLE_IDENTIFIER = "com.mouadz.Valorant-Agents";
				PRODUCT_NAME = "$(TARGET_NAME)";
				SWIFT_VERSION = 5.0;
				TARGETED_DEVICE_FAMILY = "1,2";
			};
			name = Debug;
		};
		3F5AA8C72764B8E800F2C7F3 /* Release */ = {
			isa = XCBuildConfiguration;
			buildSettings = {
				ASSETCATALOG_COMPILER_APPICON_NAME = AppIcon;
				ASSETCATALOG_COMPILER_GLOBAL_ACCENT_COLOR_NAME = AccentColor;
				CODE_SIGN_STYLE = Automatic;
				DEVELOPMENT_ASSET_PATHS = "\"Valorant Agents/Preview Content\"";
				DEVELOPMENT_TEAM = BN7XCYHM3S;
				ENABLE_PREVIEWS = YES;
				INFOPLIST_FILE = "Valorant Agents/Info.plist";
				IPHONEOS_DEPLOYMENT_TARGET = 14.0;
				LD_RUNPATH_SEARCH_PATHS = (
					"$(inherited)",
					"@executable_path/Frameworks",
				);
				PRODUCT_BUNDLE_IDENTIFIER = "com.mouadz.Valorant-Agents";
				PRODUCT_NAME = "$(TARGET_NAME)";
				SWIFT_VERSION = 5.0;
				TARGETED_DEVICE_FAMILY = "1,2";
			};
			name = Release;
		};
/* End XCBuildConfiguration section */

/* Begin XCConfigurationList section */
		3F5AA8B12764B8E700F2C7F3 /* Build configuration list for PBXProject "Valorant Agents" */ = {
			isa = XCConfigurationList;
			buildConfigurations = (
				3F5AA8C32764B8E800F2C7F3 /* Debug */,
				3F5AA8C42764B8E800F2C7F3 /* Release */,
			);
			defaultConfigurationIsVisible = 0;
			defaultConfigurationName = Release;
		};
		3F5AA8C52764B8E800F2C7F3 /* Build configuration list for PBXNativeTarget "Valorant Agents" */ = {
			isa = XCConfigurationList;
			buildConfigurations = (
				3F5AA8C62764B8E800F2C7F3 /* Debug */,
				3F5AA8C72764B8E800F2C7F3 /* Release */,
			);
			defaultConfigurationIsVisible = 0;
			defaultConfigurationName = Release;
		};
/* End XCConfigurationList section */
	};
	rootObject = 3F5AA8AE2764B8E700F2C7F3 /* Project object */;
}
